
Microsoft Visual Studio Solution File, Format Version 12.00
# Visual Studio Version 17
VisualStudioVersion = 17.2.32616.157
MinimumVisualStudioVersion = 10.0.40219.1
Project("{FAE04EC0-301F-11D3-BF4B-00C04F79EFBC}") = "WindowsFormsApp1", "WindowsFormsApp1\WindowsFormsApp1.csproj", "{559CA4BD-2AAF-406A-A64C-8B078214C0BB}"
EndProject
Global
	GlobalSection(SolutionConfigurationPlatforms) = preSolution
		Debug|Any CPU = Debug|Any CPU
		Release|Any CPU = Release|Any CPU
	EndGlobalSection
	GlobalSection(ProjectConfigurationPlatforms) = postSolution
		{559CA4BD-2AAF-406A-A64C-8B078214C0BB}.Debug|Any CPU.ActiveCfg = Debug|Any CPU
		{559CA4BD-2AAF-406A-A64C-8B078214C0BB}.Debug|Any CPU.Build.0 = Debug|Any CPU
		{559CA4BD-2AAF-406A-A64C-8B078214C0BB}.Release|Any CPU.ActiveCfg = Release|Any CPU
		{559CA4BD-2AAF-406A-A64C-8B078214C0BB}.Release|Any CPU.Build.0 = Release|Any CPU
	EndGlobalSection
	GlobalSection(SolutionProperties) = preSolution
		HideSolutionNode = FALSE
	EndGlobalSection
	GlobalSection(ExtensibilityGlobals) = postSolution
		SolutionGuid = {42F7C122-DE27-4E1A-BF70-C138C2849484}
	EndGlobalSection
EndGlobal
